{
  "nodes": {
    "devshell": {
      "inputs": {
        "nixpkgs": [
          "nixvim",
          "nixpkgs"
        ]
      },
      "locked": {
        "lastModified": 1728330715,
        "narHash": "sha256-xRJ2nPOXb//u1jaBnDP56M7v5ldavjbtR6lfGqSvcKg=",
        "owner": "numtide",
        "repo": "devshell",
        "rev": "dd6b80932022cea34a019e2bb32f6fa9e494dfef",
        "type": "github"
      },
      "original": {
        "owner": "numtide",
        "repo": "devshell",
        "type": "github"
      }
    },
    "everblush-nvim": {
      "flake": false,
      "locked": {
        "lastModified": 1683809130,
        "narHash": "sha256-O6Erp+Tzk5TV5gpgVs73cO6v9vgeUVYpunrtf/7Ppic=",
        "owner": "Everblush",
        "repo": "nvim",
        "rev": "9a0e695fdd57b340d3ba2b72406e3ca519029f25",
        "type": "github"
      },
      "original": {
        "owner": "Everblush",
        "repo": "nvim",
        "type": "github"
      }
    },
    "flake-compat": {
      "locked": {
        "lastModified": 1696426674,
        "narHash": "sha256-kvjfFW7WAETZlt09AgDn1MrtKzP7t90Vf7vypd3OL1U=",
        "rev": "0f9255e01c2351cc7d116c072cb317785dd33b33",
        "revCount": 57,
        "type": "tarball",
        "url": "https://api.flakehub.com/f/pinned/edolstra/flake-compat/1.0.1/018afb31-abd1-7bff-a5e4-cff7e18efb7a/source.tar.gz"
      },
      "original": {
        "type": "tarball",
        "url": "https://flakehub.com/f/edolstra/flake-compat/1.tar.gz"
      }
    },
    "flake-parts": {
      "inputs": {
        "nixpkgs-lib": [
          "nixvim",
          "nixpkgs"
        ]
      },
      "locked": {
        "lastModified": 1733312601,
        "narHash": "sha256-4pDvzqnegAfRkPwO3wmwBhVi/Sye1mzps0zHWYnP88c=",
        "owner": "hercules-ci",
        "repo": "flake-parts",
        "rev": "205b12d8b7cd4802fbcb8e8ef6a0f1408781a4f9",
        "type": "github"
      },
      "original": {
        "owner": "hercules-ci",
        "repo": "flake-parts",
        "type": "github"
      }
    },
    "flake-utils": {
      "inputs": {
        "systems": "systems"
      },
      "locked": {
        "lastModified": 1731533236,
        "narHash": "sha256-l0KFg5HjrsfsO/JpG+r7fRrqm12kzFHyUHqHCVpMMbI=",
        "owner": "numtide",
        "repo": "flake-utils",
        "rev": "11707dc2f618dd54ca8739b309ec4fc024de578b",
        "type": "github"
      },
      "original": {
        "owner": "numtide",
        "repo": "flake-utils",
        "type": "github"
      }
    },
    "git-hooks": {
      "inputs": {
        "flake-compat": [
          "nixvim",
          "flake-compat"
        ],
        "gitignore": "gitignore",
        "nixpkgs": [
          "nixvim",
          "nixpkgs"
        ],
        "nixpkgs-stable": [
          "nixvim",
          "nixpkgs"
        ]
      },
      "locked": {
        "lastModified": 1734797603,
        "narHash": "sha256-ulZN7ps8nBV31SE+dwkDvKIzvN6hroRY8sYOT0w+E28=",
        "owner": "cachix",
        "repo": "git-hooks.nix",
        "rev": "f0f0dc4920a903c3e08f5bdb9246bb572fcae498",
        "type": "github"
      },
      "original": {
        "owner": "cachix",
        "repo": "git-hooks.nix",
        "type": "github"
      }
    },
    "gitignore": {
      "inputs": {
        "nixpkgs": [
          "nixvim",
          "git-hooks",
          "nixpkgs"
        ]
      },
      "locked": {
        "lastModified": 1709087332,
        "narHash": "sha256-HG2cCnktfHsKV0s4XW83gU3F57gaTljL9KNSuG6bnQs=",
        "owner": "hercules-ci",
        "repo": "gitignore.nix",
        "rev": "637db329424fd7e46cf4185293b9cc8c88c95394",
        "type": "github"
      },
      "original": {
        "owner": "hercules-ci",
        "repo": "gitignore.nix",
        "type": "github"
      }
    },
    "home-manager": {
      "inputs": {
        "nixpkgs": [
          "nixpkgs"
        ]
      },
      "locked": {
        "lastModified": 1735381016,
        "narHash": "sha256-CyCZFhMUkuYbSD6bxB/r43EdmDE7hYeZZPTCv0GudO4=",
        "owner": "nix-community",
        "repo": "home-manager",
        "rev": "10e99c43cdf4a0713b4e81d90691d22c6a58bdf2",
        "type": "github"
      },
      "original": {
        "owner": "nix-community",
        "repo": "home-manager",
        "type": "github"
      }
    },
    "home-manager_2": {
      "inputs": {
        "nixpkgs": [
          "nixvim",
          "nixpkgs"
        ]
      },
      "locked": {
        "lastModified": 1734862405,
        "narHash": "sha256-bXZJvUMJ2A6sIpYcCUAGjYCD5UDzmpmQCdmJSkPhleU=",
        "owner": "nix-community",
        "repo": "home-manager",
        "rev": "cb27edb5221d2f2920a03155f8becc502cf60e35",
        "type": "github"
      },
      "original": {
        "owner": "nix-community",
        "repo": "home-manager",
        "type": "github"
      }
    },
    "horizon-nvim": {
      "flake": false,
      "locked": {
        "lastModified": 1672536261,
        "narHash": "sha256-KkjHPjcKBkW3BtIGc9kPxA5GBKr2/B6ULoEK5VSCpe8=",
        "owner": "LunarVim",
        "repo": "horizon.nvim",
        "rev": "f7c758f0ebd47a72dd2832a8744340e72dad62f8",
        "type": "github"
      },
      "original": {
        "owner": "LunarVim",
        "repo": "horizon.nvim",
        "type": "github"
      }
    },
    "ixx": {
      "inputs": {
        "flake-utils": [
          "nixvim",
          "nuschtosSearch",
          "flake-utils"
        ],
        "nixpkgs": [
          "nixvim",
          "nuschtosSearch",
          "nixpkgs"
        ]
      },
      "locked": {
        "lastModified": 1729958008,
        "narHash": "sha256-EiOq8jF4Z/zQe0QYVc3+qSKxRK//CFHMB84aYrYGwEs=",
        "owner": "NuschtOS",
        "repo": "ixx",
        "rev": "9fd01aad037f345350eab2cd45e1946cc66da4eb",
        "type": "github"
      },
      "original": {
        "owner": "NuschtOS",
        "ref": "v0.0.6",
        "repo": "ixx",
        "type": "github"
      }
    },
    "night-nvim": {
      "flake": false,
      "locked": {
        "lastModified": 1651075489,
        "narHash": "sha256-o0F9LBaZUV9rREbqzFpgvvlyXEW7Budl6p1RLLK0SeA=",
        "owner": "NightCS",
        "repo": "night.nvim",
        "rev": "667d4131bd241c849843881fb633bb8a7b0a1365",
        "type": "github"
      },
      "original": {
        "owner": "NightCS",
        "repo": "night.nvim",
        "type": "github"
      }
    },
    "nix-darwin": {
      "inputs": {
        "nixpkgs": [
          "nixvim",
          "nixpkgs"
        ]
      },
      "locked": {
        "lastModified": 1733570843,
        "narHash": "sha256-sQJAxY1TYWD1UyibN/FnN97paTFuwBw3Vp3DNCyKsMk=",
        "owner": "lnl7",
        "repo": "nix-darwin",
        "rev": "a35b08d09efda83625bef267eb24347b446c80b8",
        "type": "github"
      },
      "original": {
        "owner": "lnl7",
        "repo": "nix-darwin",
        "type": "github"
      }
    },
    "nixpkgs": {
      "locked": {
        "lastModified": 1735291276,
        "narHash": "sha256-NYVcA06+blsLG6wpAbSPTCyLvxD/92Hy4vlY9WxFI1M=",
        "owner": "nixos",
        "repo": "nixpkgs",
        "rev": "634fd46801442d760e09493a794c4f15db2d0cbb",
        "type": "github"
      },
      "original": {
        "owner": "nixos",
        "ref": "nixos-unstable",
        "repo": "nixpkgs",
        "type": "github"
      }
    },
    "nixvim": {
      "inputs": {
        "devshell": "devshell",
        "flake-compat": "flake-compat",
        "flake-parts": "flake-parts",
        "git-hooks": "git-hooks",
        "home-manager": "home-manager_2",
        "nix-darwin": "nix-darwin",
        "nixpkgs": [
          "nixpkgs"
        ],
        "nuschtosSearch": "nuschtosSearch",
        "treefmt-nix": "treefmt-nix"
      },
      "locked": {
        "lastModified": 1735378670,
        "narHash": "sha256-A8aQA+YhJfA8mUpzXOZdlXNnKiZg2EcpCn1srgtBjTs=",
        "owner": "nix-community",
        "repo": "nixvim",
        "rev": "f4b0b81ef9eb4e37e75f32caf1f02d5501594811",
        "type": "github"
      },
      "original": {
        "owner": "nix-community",
        "repo": "nixvim",
        "type": "github"
      }
    },
    "none-ls-extras": {
      "flake": false,
      "locked": {
        "lastModified": 1733844355,
        "narHash": "sha256-cd7HJLfLbVs7v+eE+8JrDc0nj/DOGVTbwNEMdZsf2qk=",
        "owner": "nvimtools",
        "repo": "none-ls-extras.nvim",
        "rev": "6557f20e631d2e9b2a9fd27a5c045d701a3a292c",
        "type": "github"
      },
      "original": {
        "owner": "nvimtools",
        "repo": "none-ls-extras.nvim",
        "type": "github"
      }
    },
    "nuschtosSearch": {
      "inputs": {
        "flake-utils": "flake-utils",
        "ixx": "ixx",
        "nixpkgs": [
          "nixvim",
          "nixpkgs"
        ]
      },
      "locked": {
        "lastModified": 1733773348,
        "narHash": "sha256-Y47y+LesOCkJaLvj+dI/Oa6FAKj/T9sKVKDXLNsViPw=",
        "owner": "NuschtOS",
        "repo": "search",
        "rev": "3051be7f403bff1d1d380e4612f0c70675b44fc9",
        "type": "github"
      },
      "original": {
        "owner": "NuschtOS",
        "repo": "search",
        "type": "github"
      }
    },
    "nvim-noirbuddy": {
      "flake": false,
      "locked": {
        "lastModified": 1729322342,
        "narHash": "sha256-4SAshwZ26VBKNNq3R9vFjzRlKT4DAsHQCkivLr4Xjfs=",
        "owner": "jesseleite",
        "repo": "nvim-noirbuddy",
        "rev": "7fa6c8963585f97c9e37a62a00751f4d9d480f95",
        "type": "github"
      },
      "original": {
        "owner": "jesseleite",
        "repo": "nvim-noirbuddy",
        "type": "github"
      }
    },
    "root": {
      "inputs": {
        "everblush-nvim": "everblush-nvim",
        "home-manager": "home-manager",
        "horizon-nvim": "horizon-nvim",
        "night-nvim": "night-nvim",
        "nixpkgs": "nixpkgs",
        "nixvim": "nixvim",
        "none-ls-extras": "none-ls-extras",
        "nvim-noirbuddy": "nvim-noirbuddy",
        "telescope-recent-files": "telescope-recent-files",
        "tokyodark-nvim": "tokyodark-nvim",
        "vesper-nvim": "vesper-nvim"
      }
    },
    "systems": {
      "locked": {
        "lastModified": 1681028828,
        "narHash": "sha256-Vy1rq5AaRuLzOxct8nz4T6wlgyUR7zLU309k9mBC768=",
        "owner": "nix-systems",
        "repo": "default",
        "rev": "da67096a3b9bf56a91d16901293e51ba5b49a27e",
        "type": "github"
      },
      "original": {
        "owner": "nix-systems",
        "repo": "default",
        "type": "github"
      }
    },
    "telescope-recent-files": {
      "flake": false,
      "locked": {
        "lastModified": 1723635287,
        "narHash": "sha256-nLy1WciLIjIqrD1az6JEXcx5EvaZSn8gBQ6HzQIhAp0=",
        "owner": "mollerhoj",
        "repo": "telescope-recent-files.nvim",
        "rev": "23b29aa701cd07c723282b3094e1a4dfc231f557",
        "type": "github"
      },
      "original": {
        "owner": "mollerhoj",
        "repo": "telescope-recent-files.nvim",
        "type": "github"
      }
    },
    "tokyodark-nvim": {
      "flake": false,
      "locked": {
        "lastModified": 1734735618,
        "narHash": "sha256-EAG8Vj6b0RBGSy89f/ajBSwOxc6MLNyXDS7pkfGeckE=",
        "owner": "tiagovla",
        "repo": "tokyodark.nvim",
        "rev": "4da339984cf118d0d78f53cea955285d62e67a29",
        "type": "github"
      },
      "original": {
        "owner": "tiagovla",
        "repo": "tokyodark.nvim",
        "type": "github"
      }
    },
    "treefmt-nix": {
      "inputs": {
        "nixpkgs": [
          "nixvim",
          "nixpkgs"
        ]
      },
      "locked": {
        "lastModified": 1734704479,
        "narHash": "sha256-MMi74+WckoyEWBRcg/oaGRvXC9BVVxDZNRMpL+72wBI=",
        "owner": "numtide",
        "repo": "treefmt-nix",
        "rev": "65712f5af67234dad91a5a4baee986a8b62dbf8f",
        "type": "github"
      },
      "original": {
        "owner": "numtide",
        "repo": "treefmt-nix",
        "type": "github"
      }
    },
    "vesper-nvim": {
      "flake": false,
      "locked": {
        "lastModified": 1722183103,
        "narHash": "sha256-ozeT/EQIn+rgxOwC8SeIZXxIJGb/QFUVEq2pJ8Kfla0=",
        "owner": "datsfilipe",
        "repo": "vesper.nvim",
        "rev": "6fe842ceabe97e389cf00bd1f2da85b45b99a039",
        "type": "github"
      },
      "original": {
        "owner": "datsfilipe",
        "repo": "vesper.nvim",
        "type": "github"
      }
    }
  },
  "root": "root",
  "version": 7
}
